// !$*UTF8*$!
{
	archiveVersion = 1;
	classes = {
	};
	objectVersion = 55;
	objects = {

/* Begin PBXBuildFile section */
		003C8230280DC0A300CAB1C0 /* AppDelegate.swift in Sources */ = {isa = PBXBuildFile; fileRef = 003C822F280DC0A300CAB1C0 /* AppDelegate.swift */; };
		003C8232280DC0A300CAB1C0 /* SceneDelegate.swift in Sources */ = {isa = PBXBuildFile; fileRef = 003C8231280DC0A300CAB1C0 /* SceneDelegate.swift */; };
		003C8237280DC0A300CAB1C0 /* Main.storyboard in Resources */ = {isa = PBXBuildFile; fileRef = 003C8235280DC0A300CAB1C0 /* Main.storyboard */; };
		003C8239280DC0A600CAB1C0 /* Assets.xcassets in Resources */ = {isa = PBXBuildFile; fileRef = 003C8238280DC0A600CAB1C0 /* Assets.xcassets */; };
		003C823C280DC0A600CAB1C0 /* LaunchScreen.storyboard in Resources */ = {isa = PBXBuildFile; fileRef = 003C823A280DC0A600CAB1C0 /* LaunchScreen.storyboard */; };
		00849789284F55C400C36772 /* Book.swift in Sources */ = {isa = PBXBuildFile; fileRef = 00849788284F55C400C36772 /* Book.swift */; };
		008497B6284F5F1F00C36772 /* PlayerVC.swift in Sources */ = {isa = PBXBuildFile; fileRef = 008497B4284F5F1F00C36772 /* PlayerVC.swift */; };
		008497B7284F5F1F00C36772 /* PlayerVC.xib in Resources */ = {isa = PBXBuildFile; fileRef = 008497B5284F5F1F00C36772 /* PlayerVC.xib */; };
		008C5B472886B2D200AD0DFD /* 1_05.mp3 in Resources */ = {isa = PBXBuildFile; fileRef = 008C5B402886B2C700AD0DFD /* 1_05.mp3 */; };
		008C5B482886B2D200AD0DFD /* 1_01.mp3 in Resources */ = {isa = PBXBuildFile; fileRef = 008C5B412886B2C900AD0DFD /* 1_01.mp3 */; };
		008C5B492886B2D200AD0DFD /* 1_06.mp3 in Resources */ = {isa = PBXBuildFile; fileRef = 008C5B422886B2CB00AD0DFD /* 1_06.mp3 */; };
		008C5B4A2886B2D200AD0DFD /* 1_03.mp3 in Resources */ = {isa = PBXBuildFile; fileRef = 008C5B432886B2CC00AD0DFD /* 1_03.mp3 */; };
		008C5B4B2886B2D200AD0DFD /* 1_02.mp3 in Resources */ = {isa = PBXBuildFile; fileRef = 008C5B442886B2CE00AD0DFD /* 1_02.mp3 */; };
		008C5B4C2886B2D200AD0DFD /* 1_07.mp3 in Resources */ = {isa = PBXBuildFile; fileRef = 008C5B452886B2D000AD0DFD /* 1_07.mp3 */; };
		008C5B4D2886B2D200AD0DFD /* 1_04.mp3 in Resources */ = {isa = PBXBuildFile; fileRef = 008C5B462886B2D200AD0DFD /* 1_04.mp3 */; };
		008C5B552886B36D00AD0DFD /* 2_03.mp3 in Resources */ = {isa = PBXBuildFile; fileRef = 008C5B4E2886B36100AD0DFD /* 2_03.mp3 */; };
		008C5B562886B36D00AD0DFD /* 2_01.mp3 in Resources */ = {isa = PBXBuildFile; fileRef = 008C5B4F2886B36300AD0DFD /* 2_01.mp3 */; };
		008C5B572886B36D00AD0DFD /* 2_05.mp3 in Resources */ = {isa = PBXBuildFile; fileRef = 008C5B502886B36600AD0DFD /* 2_05.mp3 */; };
		008C5B582886B36D00AD0DFD /* 2_07.mp3 in Resources */ = {isa = PBXBuildFile; fileRef = 008C5B512886B36700AD0DFD /* 2_07.mp3 */; };
		008C5B592886B36D00AD0DFD /* 2_06.mp3 in Resources */ = {isa = PBXBuildFile; fileRef = 008C5B522886B36900AD0DFD /* 2_06.mp3 */; };
		008C5B5A2886B36D00AD0DFD /* 2_04.mp3 in Resources */ = {isa = PBXBuildFile; fileRef = 008C5B532886B36B00AD0DFD /* 2_04.mp3 */; };
		008C5B5B2886B36D00AD0DFD /* 2_02.mp3 in Resources */ = {isa = PBXBuildFile; fileRef = 008C5B542886B36D00AD0DFD /* 2_02.mp3 */; };
		009193DB2823F636001F11DC /* ListVC.swift in Sources */ = {isa = PBXBuildFile; fileRef = 009193D92823F636001F11DC /* ListVC.swift */; };
		009193DC2823F636001F11DC /* ListVC.xib in Resources */ = {isa = PBXBuildFile; fileRef = 009193DA2823F636001F11DC /* ListVC.xib */; };
		009193E52823F6D3001F11DC /* ListCell.swift in Sources */ = {isa = PBXBuildFile; fileRef = 009193E32823F6D3001F11DC /* ListCell.swift */; };
		009193E62823F6D3001F11DC /* ListCell.xib in Resources */ = {isa = PBXBuildFile; fileRef = 009193E42823F6D3001F11DC /* ListCell.xib */; };
		00A6882A2844E57400F9A053 /* AddCell.swift in Sources */ = {isa = PBXBuildFile; fileRef = 00A688282844E57400F9A053 /* AddCell.swift */; };
		00A6882B2844E57400F9A053 /* AddCell.xib in Resources */ = {isa = PBXBuildFile; fileRef = 00A688292844E57400F9A053 /* AddCell.xib */; };
		099394DF3779693C3D3B0CF0 /* Pods_AudioBook.framework in Frameworks */ = {isa = PBXBuildFile; fileRef = AD94273102E8C776EF90A64F /* Pods_AudioBook.framework */; };
/* End PBXBuildFile section */

/* Begin PBXFileReference section */
		003C822C280DC0A300CAB1C0 /* AudioBook.app */ = {isa = PBXFileReference; explicitFileType = wrapper.application; includeInIndex = 0; path = AudioBook.app; sourceTree = BUILT_PRODUCTS_DIR; };
		003C822F280DC0A300CAB1C0 /* AppDelegate.swift */ = {isa = PBXFileReference; lastKnownFileType = sourcecode.swift; path = AppDelegate.swift; sourceTree = "<group>"; };
		003C8231280DC0A300CAB1C0 /* SceneDelegate.swift */ = {isa = PBXFileReference; lastKnownFileType = sourcecode.swift; path = SceneDelegate.swift; sourceTree = "<group>"; };
		003C8236280DC0A300CAB1C0 /* Base */ = {isa = PBXFileReference; lastKnownFileType = file.storyboard; name = Base; path = Base.lproj/Main.storyboard; sourceTree = "<group>"; };
		003C8238280DC0A600CAB1C0 /* Assets.xcassets */ = {isa = PBXFileReference; lastKnownFileType = folder.assetcatalog; path = Assets.xcassets; sourceTree = "<group>"; };
		003C823B280DC0A600CAB1C0 /* Base */ = {isa = PBXFileReference; lastKnownFileType = file.storyboard; name = Base; path = Base.lproj/LaunchScreen.storyboard; sourceTree = "<group>"; };
		003C823D280DC0A600CAB1C0 /* Info.plist */ = {isa = PBXFileReference; lastKnownFileType = text.plist.xml; path = Info.plist; sourceTree = "<group>"; };
		00849788284F55C400C36772 /* Book.swift */ = {isa = PBXFileReference; lastKnownFileType = sourcecode.swift; path = Book.swift; sourceTree = "<group>"; };
		008497B4284F5F1F00C36772 /* PlayerVC.swift */ = {isa = PBXFileReference; lastKnownFileType = sourcecode.swift; path = PlayerVC.swift; sourceTree = "<group>"; };
		008497B5284F5F1F00C36772 /* PlayerVC.xib */ = {isa = PBXFileReference; lastKnownFileType = file.xib; path = PlayerVC.xib; sourceTree = "<group>"; };
		008C5B402886B2C700AD0DFD /* 1_05.mp3 */ = {isa = PBXFileReference; lastKnownFileType = audio.mp3; path = 1_05.mp3; sourceTree = "<group>"; };
		008C5B412886B2C900AD0DFD /* 1_01.mp3 */ = {isa = PBXFileReference; lastKnownFileType = audio.mp3; path = 1_01.mp3; sourceTree = "<group>"; };
		008C5B422886B2CB00AD0DFD /* 1_06.mp3 */ = {isa = PBXFileReference; lastKnownFileType = audio.mp3; path = 1_06.mp3; sourceTree = "<group>"; };
		008C5B432886B2CC00AD0DFD /* 1_03.mp3 */ = {isa = PBXFileReference; lastKnownFileType = audio.mp3; path = 1_03.mp3; sourceTree = "<group>"; };
		008C5B442886B2CE00AD0DFD /* 1_02.mp3 */ = {isa = PBXFileReference; lastKnownFileType = audio.mp3; path = 1_02.mp3; sourceTree = "<group>"; };
		008C5B452886B2D000AD0DFD /* 1_07.mp3 */ = {isa = PBXFileReference; lastKnownFileType = audio.mp3; path = 1_07.mp3; sourceTree = "<group>"; };
		008C5B462886B2D200AD0DFD /* 1_04.mp3 */ = {isa = PBXFileReference; lastKnownFileType = audio.mp3; path = 1_04.mp3; sourceTree = "<group>"; };
		008C5B4E2886B36100AD0DFD /* 2_03.mp3 */ = {isa = PBXFileReference; lastKnownFileType = audio.mp3; path = 2_03.mp3; sourceTree = "<group>"; };
		008C5B4F2886B36300AD0DFD /* 2_01.mp3 */ = {isa = PBXFileReference; lastKnownFileType = audio.mp3; path = 2_01.mp3; sourceTree = "<group>"; };
		008C5B502886B36600AD0DFD /* 2_05.mp3 */ = {isa = PBXFileReference; lastKnownFileType = audio.mp3; path = 2_05.mp3; sourceTree = "<group>"; };
		008C5B512886B36700AD0DFD /* 2_07.mp3 */ = {isa = PBXFileReference; lastKnownFileType = audio.mp3; path = 2_07.mp3; sourceTree = "<group>"; };
		008C5B522886B36900AD0DFD /* 2_06.mp3 */ = {isa = PBXFileReference; lastKnownFileType = audio.mp3; path = 2_06.mp3; sourceTree = "<group>"; };
		008C5B532886B36B00AD0DFD /* 2_04.mp3 */ = {isa = PBXFileReference; lastKnownFileType = audio.mp3; path = 2_04.mp3; sourceTree = "<group>"; };
		008C5B542886B36D00AD0DFD /* 2_02.mp3 */ = {isa = PBXFileReference; lastKnownFileType = audio.mp3; path = 2_02.mp3; sourceTree = "<group>"; };
		009193D92823F636001F11DC /* ListVC.swift */ = {isa = PBXFileReference; lastKnownFileType = sourcecode.swift; path = ListVC.swift; sourceTree = "<group>"; };
		009193DA2823F636001F11DC /* ListVC.xib */ = {isa = PBXFileReference; lastKnownFileType = file.xib; path = ListVC.xib; sourceTree = "<group>"; };
		009193E32823F6D3001F11DC /* ListCell.swift */ = {isa = PBXFileReference; lastKnownFileType = sourcecode.swift; path = ListCell.swift; sourceTree = "<group>"; };
		009193E42823F6D3001F11DC /* ListCell.xib */ = {isa = PBXFileReference; lastKnownFileType = file.xib; path = ListCell.xib; sourceTree = "<group>"; };
		00A688282844E57400F9A053 /* AddCell.swift */ = {isa = PBXFileReference; lastKnownFileType = sourcecode.swift; path = AddCell.swift; sourceTree = "<group>"; };
		00A688292844E57400F9A053 /* AddCell.xib */ = {isa = PBXFileReference; lastKnownFileType = file.xib; path = AddCell.xib; sourceTree = "<group>"; };
		65657D6DC3DDC68D6C36209C /* Pods-AudioBook.release.xcconfig */ = {isa = PBXFileReference; includeInIndex = 1; lastKnownFileType = text.xcconfig; name = "Pods-AudioBook.release.xcconfig"; path = "Target Support Files/Pods-AudioBook/Pods-AudioBook.release.xcconfig"; sourceTree = "<group>"; };
		AD94273102E8C776EF90A64F /* Pods_AudioBook.framework */ = {isa = PBXFileReference; explicitFileType = wrapper.framework; includeInIndex = 0; path = Pods_AudioBook.framework; sourceTree = BUILT_PRODUCTS_DIR; };
		C25DBF8D0BF14E131D85B34E /* Pods-AudioBook.debug.xcconfig */ = {isa = PBXFileReference; includeInIndex = 1; lastKnownFileType = text.xcconfig; name = "Pods-AudioBook.debug.xcconfig"; path = "Target Support Files/Pods-AudioBook/Pods-AudioBook.debug.xcconfig"; sourceTree = "<group>"; };
/* End PBXFileReference section */

/* Begin PBXFrameworksBuildPhase section */
		003C8229280DC0A300CAB1C0 /* Frameworks */ = {
			isa = PBXFrameworksBuildPhase;
			buildActionMask = 2147483647;
			files = (
				099394DF3779693C3D3B0CF0 /* Pods_AudioBook.framework in Frameworks */,
			);
			runOnlyForDeploymentPostprocessing = 0;
		};
/* End PBXFrameworksBuildPhase section */

/* Begin PBXGroup section */
		003C8223280DC0A300CAB1C0 = {
			isa = PBXGroup;
			children = (
				003C822E280DC0A300CAB1C0 /* AudioBook */,
				003C822D280DC0A300CAB1C0 /* Products */,
				240AB6E50ACF830AE9A8015C /* Pods */,
				B0D3672BE8EEBE53673C9848 /* Frameworks */,
			);
			sourceTree = "<group>";
		};
		003C822D280DC0A300CAB1C0 /* Products */ = {
			isa = PBXGroup;
			children = (
				003C822C280DC0A300CAB1C0 /* AudioBook.app */,
			);
			name = Products;
			sourceTree = "<group>";
		};
		003C822E280DC0A300CAB1C0 /* AudioBook */ = {
			isa = PBXGroup;
			children = (
				0084978A284F561000C36772 /* MP3TestFiles */,
				00849787284F55B300C36772 /* Models */,
				009193E12823F67E001F11DC /* Cells */,
				009193D62823F5F5001F11DC /* ViewControllers */,
				003C822F280DC0A300CAB1C0 /* AppDelegate.swift */,
				003C8231280DC0A300CAB1C0 /* SceneDelegate.swift */,
				003C8235280DC0A300CAB1C0 /* Main.storyboard */,
				003C8238280DC0A600CAB1C0 /* Assets.xcassets */,
				003C823A280DC0A600CAB1C0 /* LaunchScreen.storyboard */,
				003C823D280DC0A600CAB1C0 /* Info.plist */,
			);
			path = AudioBook;
			sourceTree = "<group>";
		};
		00849787284F55B300C36772 /* Models */ = {
			isa = PBXGroup;
			children = (
				00849788284F55C400C36772 /* Book.swift */,
			);
			path = Models;
			sourceTree = "<group>";
		};
		0084978A284F561000C36772 /* MP3TestFiles */ = {
			isa = PBXGroup;
			children = (
				008C5B412886B2C900AD0DFD /* 1_01.mp3 */,
				008C5B442886B2CE00AD0DFD /* 1_02.mp3 */,
				008C5B432886B2CC00AD0DFD /* 1_03.mp3 */,
				008C5B462886B2D200AD0DFD /* 1_04.mp3 */,
				008C5B402886B2C700AD0DFD /* 1_05.mp3 */,
				008C5B422886B2CB00AD0DFD /* 1_06.mp3 */,
				008C5B452886B2D000AD0DFD /* 1_07.mp3 */,
				008C5B4F2886B36300AD0DFD /* 2_01.mp3 */,
				008C5B542886B36D00AD0DFD /* 2_02.mp3 */,
				008C5B4E2886B36100AD0DFD /* 2_03.mp3 */,
				008C5B532886B36B00AD0DFD /* 2_04.mp3 */,
				008C5B502886B36600AD0DFD /* 2_05.mp3 */,
				008C5B522886B36900AD0DFD /* 2_06.mp3 */,
				008C5B512886B36700AD0DFD /* 2_07.mp3 */,
			);
			path = MP3TestFiles;
			sourceTree = "<group>";
		};
		008497B3284F5F0400C36772 /* PlayerVC */ = {
			isa = PBXGroup;
			children = (
				008497B4284F5F1F00C36772 /* PlayerVC.swift */,
				008497B5284F5F1F00C36772 /* PlayerVC.xib */,
			);
			path = PlayerVC;
			sourceTree = "<group>";
		};
		009193D62823F5F5001F11DC /* ViewControllers */ = {
			isa = PBXGroup;
			children = (
				008497B3284F5F0400C36772 /* PlayerVC */,
				009193D82823F615001F11DC /* ListVC */,
			);
			path = ViewControllers;
			sourceTree = "<group>";
		};
		009193D82823F615001F11DC /* ListVC */ = {
			isa = PBXGroup;
			children = (
				009193D92823F636001F11DC /* ListVC.swift */,
				009193DA2823F636001F11DC /* ListVC.xib */,
			);
			path = ListVC;
			sourceTree = "<group>";
		};
		009193E12823F67E001F11DC /* Cells */ = {
			isa = PBXGroup;
			children = (
				00A688272844E53300F9A053 /* AddCell */,
				009193E22823F693001F11DC /* ListCell */,
			);
			path = Cells;
			sourceTree = "<group>";
		};
		009193E22823F693001F11DC /* ListCell */ = {
			isa = PBXGroup;
			children = (
				009193E32823F6D3001F11DC /* ListCell.swift */,
				009193E42823F6D3001F11DC /* ListCell.xib */,
			);
			path = ListCell;
			sourceTree = "<group>";
		};
		00A688272844E53300F9A053 /* AddCell */ = {
			isa = PBXGroup;
			children = (
				00A688282844E57400F9A053 /* AddCell.swift */,
				00A688292844E57400F9A053 /* AddCell.xib */,
			);
			path = AddCell;
			sourceTree = "<group>";
		};
		240AB6E50ACF830AE9A8015C /* Pods */ = {
			isa = PBXGroup;
			children = (
				C25DBF8D0BF14E131D85B34E /* Pods-AudioBook.debug.xcconfig */,
				65657D6DC3DDC68D6C36209C /* Pods-AudioBook.release.xcconfig */,
			);
			path = Pods;
			sourceTree = "<group>";
		};
		B0D3672BE8EEBE53673C9848 /* Frameworks */ = {
			isa = PBXGroup;
			children = (
				AD94273102E8C776EF90A64F /* Pods_AudioBook.framework */,
			);
			name = Frameworks;
			sourceTree = "<group>";
		};
/* End PBXGroup section */

/* Begin PBXNativeTarget section */
		003C822B280DC0A300CAB1C0 /* AudioBook */ = {
			isa = PBXNativeTarget;
			buildConfigurationList = 003C8240280DC0A600CAB1C0 /* Build configuration list for PBXNativeTarget "AudioBook" */;
			buildPhases = (
				ED9E861B626B521BF5547743 /* [CP] Check Pods Manifest.lock */,
				003C8228280DC0A300CAB1C0 /* Sources */,
				003C8229280DC0A300CAB1C0 /* Frameworks */,
				003C822A280DC0A300CAB1C0 /* Resources */,
				AAD5E4C48EA82D814405770F /* [CP] Embed Pods Frameworks */,
			);
			buildRules = (
			);
			dependencies = (
			);
			name = AudioBook;
			productName = AudioBook;
			productReference = 003C822C280DC0A300CAB1C0 /* AudioBook.app */;
			productType = "com.apple.product-type.application";
		};
/* End PBXNativeTarget section */

/* Begin PBXProject section */
		003C8224280DC0A300CAB1C0 /* Project object */ = {
			isa = PBXProject;
			attributes = {
				BuildIndependentTargetsInParallel = 1;
				LastSwiftUpdateCheck = 1320;
				LastUpgradeCheck = 1320;
				TargetAttributes = {
					003C822B280DC0A300CAB1C0 = {
						CreatedOnToolsVersion = 13.2.1;
					};
				};
			};
			buildConfigurationList = 003C8227280DC0A300CAB1C0 /* Build configuration list for PBXProject "AudioBook" */;
			compatibilityVersion = "Xcode 13.0";
			developmentRegion = en;
			hasScannedForEncodings = 0;
			knownRegions = (
				en,
				Base,
			);
			mainGroup = 003C8223280DC0A300CAB1C0;
			productRefGroup = 003C822D280DC0A300CAB1C0 /* Products */;
			projectDirPath = "";
			projectRoot = "";
			targets = (
				003C822B280DC0A300CAB1C0 /* AudioBook */,
			);
		};
/* End PBXProject section */

/* Begin PBXResourcesBuildPhase section */
		003C822A280DC0A300CAB1C0 /* Resources */ = {
			isa = PBXResourcesBuildPhase;
			buildActionMask = 2147483647;
			files = (
				008C5B582886B36D00AD0DFD /* 2_07.mp3 in Resources */,
				008C5B4B2886B2D200AD0DFD /* 1_02.mp3 in Resources */,
				008C5B572886B36D00AD0DFD /* 2_05.mp3 in Resources */,
				008C5B4C2886B2D200AD0DFD /* 1_07.mp3 in Resources */,
				008C5B482886B2D200AD0DFD /* 1_01.mp3 in Resources */,
				009193DC2823F636001F11DC /* ListVC.xib in Resources */,
				008C5B5B2886B36D00AD0DFD /* 2_02.mp3 in Resources */,
				008C5B4D2886B2D200AD0DFD /* 1_04.mp3 in Resources */,
				008C5B5A2886B36D00AD0DFD /* 2_04.mp3 in Resources */,
				008C5B4A2886B2D200AD0DFD /* 1_03.mp3 in Resources */,
				008C5B492886B2D200AD0DFD /* 1_06.mp3 in Resources */,
				009193E62823F6D3001F11DC /* ListCell.xib in Resources */,
				008C5B562886B36D00AD0DFD /* 2_01.mp3 in Resources */,
				008497B7284F5F1F00C36772 /* PlayerVC.xib in Resources */,
				008C5B472886B2D200AD0DFD /* 1_05.mp3 in Resources */,
				003C823C280DC0A600CAB1C0 /* LaunchScreen.storyboard in Resources */,
				003C8239280DC0A600CAB1C0 /* Assets.xcassets in Resources */,
				008C5B592886B36D00AD0DFD /* 2_06.mp3 in Resources */,
				008C5B552886B36D00AD0DFD /* 2_03.mp3 in Resources */,
				003C8237280DC0A300CAB1C0 /* Main.storyboard in Resources */,
				00A6882B2844E57400F9A053 /* AddCell.xib in Resources */,
			);
			runOnlyForDeploymentPostprocessing = 0;
		};
/* End PBXResourcesBuildPhase section */

/* Begin PBXShellScriptBuildPhase section */
		AAD5E4C48EA82D814405770F /* [CP] Embed Pods Frameworks */ = {
			isa = PBXShellScriptBuildPhase;
			buildActionMask = 2147483647;
			files = (
			);
			inputFileListPaths = (
				"${PODS_ROOT}/Target Support Files/Pods-AudioBook/Pods-AudioBook-frameworks-${CONFIGURATION}-input-files.xcfilelist",
			);
			name = "[CP] Embed Pods Frameworks";
			outputFileListPaths = (
				"${PODS_ROOT}/Target Support Files/Pods-AudioBook/Pods-AudioBook-frameworks-${CONFIGURATION}-output-files.xcfilelist",
			);
			runOnlyForDeploymentPostprocessing = 0;
			shellPath = /bin/sh;
			shellScript = "\"${PODS_ROOT}/Target Support Files/Pods-AudioBook/Pods-AudioBook-frameworks.sh\"\n";
			showEnvVarsInLog = 0;
		};
		ED9E861B626B521BF5547743 /* [CP] Check Pods Manifest.lock */ = {
			isa = PBXShellScriptBuildPhase;
			buildActionMask = 2147483647;
			files = (
			);
			inputFileListPaths = (
			);
			inputPaths = (
				"${PODS_PODFILE_DIR_PATH}/Podfile.lock",
				"${PODS_ROOT}/Manifest.lock",
			);
			name = "[CP] Check Pods Manifest.lock";
			outputFileListPaths = (
			);
			outputPaths = (
				"$(DERIVED_FILE_DIR)/Pods-AudioBook-checkManifestLockResult.txt",
			);
			runOnlyForDeploymentPostprocessing = 0;
			shellPath = /bin/sh;
			shellScript = "diff \"${PODS_PODFILE_DIR_PATH}/Podfile.lock\" \"${PODS_ROOT}/Manifest.lock\" > /dev/null\nif [ $? != 0 ] ; then\n    # print error to STDERR\n    echo \"error: The sandbox is not in sync with the Podfile.lock. Run 'pod install' or update your CocoaPods installation.\" >&2\n    exit 1\nfi\n# This output is used by Xcode 'outputs' to avoid re-running this script phase.\necho \"SUCCESS\" > \"${SCRIPT_OUTPUT_FILE_0}\"\n";
			showEnvVarsInLog = 0;
		};
/* End PBXShellScriptBuildPhase section */

/* Begin PBXSourcesBuildPhase section */
		003C8228280DC0A300CAB1C0 /* Sources */ = {
			isa = PBXSourcesBuildPhase;
			buildActionMask = 2147483647;
			files = (
				009193DB2823F636001F11DC /* ListVC.swift in Sources */,
				003C8230280DC0A300CAB1C0 /* AppDelegate.swift in Sources */,
				00849789284F55C400C36772 /* Book.swift in Sources */,
				003C8232280DC0A300CAB1C0 /* SceneDelegate.swift in Sources */,
				00A6882A2844E57400F9A053 /* AddCell.swift in Sources */,
				008497B6284F5F1F00C36772 /* PlayerVC.swift in Sources */,
				009193E52823F6D3001F11DC /* ListCell.swift in Sources */,
			);
			runOnlyForDeploymentPostprocessing = 0;
		};
/* End PBXSourcesBuildPhase section */

/* Begin PBXVariantGroup section */
		003C8235280DC0A300CAB1C0 /* Main.storyboard */ = {
			isa = PBXVariantGroup;
			children = (
				003C8236280DC0A300CAB1C0 /* Base */,
			);
			name = Main.storyboard;
			sourceTree = "<group>";
		};
		003C823A280DC0A600CAB1C0 /* LaunchScreen.storyboard */ = {
			isa = PBXVariantGroup;
			children = (
				003C823B280DC0A600CAB1C0 /* Base */,
			);
			name = LaunchScreen.storyboard;
			sourceTree = "<group>";
		};
/* End PBXVariantGroup section */

/* Begin XCBuildConfiguration section */
		003C823E280DC0A600CAB1C0 /* Debug */ = {
			isa = XCBuildConfiguration;
			buildSettings = {
				ALWAYS_SEARCH_USER_PATHS = NO;
				CLANG_ANALYZER_NONNULL = YES;
				CLANG_ANALYZER_NUMBER_OBJECT_CONVERSION = YES_AGGRESSIVE;
				CLANG_CXX_LANGUAGE_STANDARD = "gnu++17";
				CLANG_CXX_LIBRARY = "libc++";
				CLANG_ENABLE_MODULES = YES;
				CLANG_ENABLE_OBJC_ARC = YES;
				CLANG_ENABLE_OBJC_WEAK = YES;
				CLANG_WARN_BLOCK_CAPTURE_AUTORELEASING = YES;
				CLANG_WARN_BOOL_CONVERSION = YES;
				CLANG_WARN_COMMA = YES;
				CLANG_WARN_CONSTANT_CONVERSION = YES;
				CLANG_WARN_DEPRECATED_OBJC_IMPLEMENTATIONS = YES;
				CLANG_WARN_DIRECT_OBJC_ISA_USAGE = YES_ERROR;
				CLANG_WARN_DOCUMENTATION_COMMENTS = YES;
				CLANG_WARN_EMPTY_BODY = YES;
				CLANG_WARN_ENUM_CONVERSION = YES;
				CLANG_WARN_INFINITE_RECURSION = YES;
				CLANG_WARN_INT_CONVERSION = YES;
				CLANG_WARN_NON_LITERAL_NULL_CONVERSION = YES;
				CLANG_WARN_OBJC_IMPLICIT_RETAIN_SELF = YES;
				CLANG_WARN_OBJC_LITERAL_CONVERSION = YES;
				CLANG_WARN_OBJC_ROOT_CLASS = YES_ERROR;
				CLANG_WARN_QUOTED_INCLUDE_IN_FRAMEWORK_HEADER = YES;
				CLANG_WARN_RANGE_LOOP_ANALYSIS = YES;
				CLANG_WARN_STRICT_PROTOTYPES = YES;
				CLANG_WARN_SUSPICIOUS_MOVE = YES;
				CLANG_WARN_UNGUARDED_AVAILABILITY = YES_AGGRESSIVE;
				CLANG_WARN_UNREACHABLE_CODE = YES;
				CLANG_WARN__DUPLICATE_METHOD_MATCH = YES;
				COPY_PHASE_STRIP = NO;
				DEBUG_INFORMATION_FORMAT = dwarf;
				ENABLE_STRICT_OBJC_MSGSEND = YES;
				ENABLE_TESTABILITY = YES;
				GCC_C_LANGUAGE_STANDARD = gnu11;
				GCC_DYNAMIC_NO_PIC = NO;
				GCC_NO_COMMON_BLOCKS = YES;
				GCC_OPTIMIZATION_LEVEL = 0;
				GCC_PREPROCESSOR_DEFINITIONS = (
					"DEBUG=1",
					"$(inherited)",
				);
				GCC_WARN_64_TO_32_BIT_CONVERSION = YES;
				GCC_WARN_ABOUT_RETURN_TYPE = YES_ERROR;
				GCC_WARN_UNDECLARED_SELECTOR = YES;
				GCC_WARN_UNINITIALIZED_AUTOS = YES_AGGRESSIVE;
				GCC_WARN_UNUSED_FUNCTION = YES;
				GCC_WARN_UNUSED_VARIABLE = YES;
				IPHONEOS_DEPLOYMENT_TARGET = 15.2;
				MTL_ENABLE_DEBUG_INFO = INCLUDE_SOURCE;
				MTL_FAST_MATH = YES;
				ONLY_ACTIVE_ARCH = YES;
				SDKROOT = iphoneos;
				SWIFT_ACTIVE_COMPILATION_CONDITIONS = DEBUG;
				SWIFT_OPTIMIZATION_LEVEL = "-Onone";
			};
			name = Debug;
		};
		003C823F280DC0A600CAB1C0 /* Release */ = {
			isa = XCBuildConfiguration;
			buildSettings = {
				ALWAYS_SEARCH_USER_PATHS = NO;
				CLANG_ANALYZER_NONNULL = YES;
				CLANG_ANALYZER_NUMBER_OBJECT_CONVERSION = YES_AGGRESSIVE;
				CLANG_CXX_LANGUAGE_STANDARD = "gnu++17";
				CLANG_CXX_LIBRARY = "libc++";
				CLANG_ENABLE_MODULES = YES;
				CLANG_ENABLE_OBJC_ARC = YES;
				CLANG_ENABLE_OBJC_WEAK = YES;
				CLANG_WARN_BLOCK_CAPTURE_AUTORELEASING = YES;
				CLANG_WARN_BOOL_CONVERSION = YES;
				CLANG_WARN_COMMA = YES;
				CLANG_WARN_CONSTANT_CONVERSION = YES;
				CLANG_WARN_DEPRECATED_OBJC_IMPLEMENTATIONS = YES;
				CLANG_WARN_DIRECT_OBJC_ISA_USAGE = YES_ERROR;
				CLANG_WARN_DOCUMENTATION_COMMENTS = YES;
				CLANG_WARN_EMPTY_BODY = YES;
				CLANG_WARN_ENUM_CONVERSION = YES;
				CLANG_WARN_INFINITE_RECURSION = YES;
				CLANG_WARN_INT_CONVERSION = YES;
				CLANG_WARN_NON_LITERAL_NULL_CONVERSION = YES;
				CLANG_WARN_OBJC_IMPLICIT_RETAIN_SELF = YES;
				CLANG_WARN_OBJC_LITERAL_CONVERSION = YES;
				CLANG_WARN_OBJC_ROOT_CLASS = YES_ERROR;
				CLANG_WARN_QUOTED_INCLUDE_IN_FRAMEWORK_HEADER = YES;
				CLANG_WARN_RANGE_LOOP_ANALYSIS = YES;
				CLANG_WARN_STRICT_PROTOTYPES = YES;
				CLANG_WARN_SUSPICIOUS_MOVE = YES;
				CLANG_WARN_UNGUARDED_AVAILABILITY = YES_AGGRESSIVE;
				CLANG_WARN_UNREACHABLE_CODE = YES;
				CLANG_WARN__DUPLICATE_METHOD_MATCH = YES;
				COPY_PHASE_STRIP = NO;
				DEBUG_INFORMATION_FORMAT = "dwarf-with-dsym";
				ENABLE_NS_ASSERTIONS = NO;
				ENABLE_STRICT_OBJC_MSGSEND = YES;
				GCC_C_LANGUAGE_STANDARD = gnu11;
				GCC_NO_COMMON_BLOCKS = YES;
				GCC_WARN_64_TO_32_BIT_CONVERSION = YES;
				GCC_WARN_ABOUT_RETURN_TYPE = YES_ERROR;
				GCC_WARN_UNDECLARED_SELECTOR = YES;
				GCC_WARN_UNINITIALIZED_AUTOS = YES_AGGRESSIVE;
				GCC_WARN_UNUSED_FUNCTION = YES;
				GCC_WARN_UNUSED_VARIABLE = YES;
				IPHONEOS_DEPLOYMENT_TARGET = 15.2;
				MTL_ENABLE_DEBUG_INFO = NO;
				MTL_FAST_MATH = YES;
				SDKROOT = iphoneos;
				SWIFT_COMPILATION_MODE = wholemodule;
				SWIFT_OPTIMIZATION_LEVEL = "-O";
				VALIDATE_PRODUCT = YES;
			};
			name = Release;
		};
		003C8241280DC0A600CAB1C0 /* Debug */ = {
			isa = XCBuildConfiguration;
			baseConfigurationReference = C25DBF8D0BF14E131D85B34E /* Pods-AudioBook.debug.xcconfig */;
			buildSettings = {
				ASSETCATALOG_COMPILER_APPICON_NAME = AppIcon;
				ASSETCATALOG_COMPILER_GLOBAL_ACCENT_COLOR_NAME = AccentColor;
				CODE_SIGN_STYLE = Automatic;
				CURRENT_PROJECT_VERSION = 1;
				DEVELOPMENT_TEAM = 46JC74LR8Y;
				GENERATE_INFOPLIST_FILE = YES;
				INFOPLIST_FILE = AudioBook/Info.plist;
				INFOPLIST_KEY_LSSupportsOpeningDocumentsInPlace = YES;
				INFOPLIST_KEY_UIApplicationSupportsIndirectInputEvents = YES;
				INFOPLIST_KEY_UILaunchStoryboardName = LaunchScreen;
				INFOPLIST_KEY_UIMainStoryboardFile = Main;
				INFOPLIST_KEY_UISupportedInterfaceOrientations_iPad = "UIInterfaceOrientationPortrait UIInterfaceOrientationPortraitUpsideDown UIInterfaceOrientationLandscapeLeft UIInterfaceOrientationLandscapeRight";
				INFOPLIST_KEY_UISupportedInterfaceOrientations_iPhone = "UIInterfaceOrientationPortrait UIInterfaceOrientationLandscapeLeft UIInterfaceOrientationLandscapeRight";
				LD_RUNPATH_SEARCH_PATHS = (
					"$(inherited)",
					"@executable_path/Frameworks",
				);
				MARKETING_VERSION = 1.0;
				PRODUCT_BUNDLE_IDENTIFIER = "-.AudioBook";
				PRODUCT_NAME = "$(TARGET_NAME)";
				SWIFT_EMIT_LOC_STRINGS = YES;
				SWIFT_VERSION = 5.0;
				TARGETED_DEVICE_FAMILY = "1,2";
			};
			name = Debug;
		};
		003C8242280DC0A600CAB1C0 /* Release */ = {
			isa = XCBuildConfiguration;
			baseConfigurationReference = 65657D6DC3DDC68D6C36209C /* Pods-AudioBook.release.xcconfig */;
			buildSettings = {
				ASSETCATALOG_COMPILER_APPICON_NAME = AppIcon;
				ASSETCATALOG_COMPILER_GLOBAL_ACCENT_COLOR_NAME = AccentColor;
				CODE_SIGN_STYLE = Automatic;
				CURRENT_PROJECT_VERSION = 1;
				DEVELOPMENT_TEAM = 46JC74LR8Y;
				GENERATE_INFOPLIST_FILE = YES;
				INFOPLIST_FILE = AudioBook/Info.plist;
				INFOPLIST_KEY_LSSupportsOpeningDocumentsInPlace = YES;
				INFOPLIST_KEY_UIApplicationSupportsIndirectInputEvents = YES;
				INFOPLIST_KEY_UILaunchStoryboardName = LaunchScreen;
				INFOPLIST_KEY_UIMainStoryboardFile = Main;
				INFOPLIST_KEY_UISupportedInterfaceOrientations_iPad = "UIInterfaceOrientationPortrait UIInterfaceOrientationPortraitUpsideDown UIInterfaceOrientationLandscapeLeft UIInterfaceOrientationLandscapeRight";
				INFOPLIST_KEY_UISupportedInterfaceOrientations_iPhone = "UIInterfaceOrientationPortrait UIInterfaceOrientationLandscapeLeft UIInterfaceOrientationLandscapeRight";
				LD_RUNPATH_SEARCH_PATHS = (
					"$(inherited)",
					"@executable_path/Frameworks",
				);
				MARKETING_VERSION = 1.0;
				PRODUCT_BUNDLE_IDENTIFIER = "-.AudioBook";
				PRODUCT_NAME = "$(TARGET_NAME)";
				SWIFT_EMIT_LOC_STRINGS = YES;
				SWIFT_VERSION = 5.0;
				TARGETED_DEVICE_FAMILY = "1,2";
			};
			name = Release;
		};
/* End XCBuildConfiguration section */

/* Begin XCConfigurationList section */
		003C8227280DC0A300CAB1C0 /* Build configuration list for PBXProject "AudioBook" */ = {
			isa = XCConfigurationList;
			buildConfigurations = (
				003C823E280DC0A600CAB1C0 /* Debug */,
				003C823F280DC0A600CAB1C0 /* Release */,
			);
			defaultConfigurationIsVisible = 0;
			defaultConfigurationName = Release;
		};
		003C8240280DC0A600CAB1C0 /* Build configuration list for PBXNativeTarget "AudioBook" */ = {
			isa = XCConfigurationList;
			buildConfigurations = (
				003C8241280DC0A600CAB1C0 /* Debug */,
				003C8242280DC0A600CAB1C0 /* Release */,
			);
			defaultConfigurationIsVisible = 0;
			defaultConfigurationName = Release;
		};
/* End XCConfigurationList section */
	};
	rootObject = 003C8224280DC0A300CAB1C0 /* Project object */;
}
